// !$*UTF8*$!
{
	archiveVersion = 1;
	classes = {
	};
	objectVersion = 46;
	objects = {

/* Begin PBXBuildFile section */
		84482B0B1CE2D420004B3138 /* YTKBaseRequest.m in Sources */ = {isa = PBXBuildFile; fileRef = 84482AFA1CE2D420004B3138 /* YTKBaseRequest.m */; };
		84482B0C1CE2D420004B3138 /* YTKBatchRequest.m in Sources */ = {isa = PBXBuildFile; fileRef = 84482AFC1CE2D420004B3138 /* YTKBatchRequest.m */; };
		84482B0D1CE2D420004B3138 /* YTKBatchRequestAgent.m in Sources */ = {isa = PBXBuildFile; fileRef = 84482AFE1CE2D420004B3138 /* YTKBatchRequestAgent.m */; };
		84482B0E1CE2D420004B3138 /* YTKChainRequest.m in Sources */ = {isa = PBXBuildFile; fileRef = 84482B001CE2D420004B3138 /* YTKChainRequest.m */; };
		84482B0F1CE2D420004B3138 /* YTKChainRequestAgent.m in Sources */ = {isa = PBXBuildFile; fileRef = 84482B021CE2D420004B3138 /* YTKChainRequestAgent.m */; };
		84482B101CE2D420004B3138 /* YTKNetworkAgent.m in Sources */ = {isa = PBXBuildFile; fileRef = 84482B041CE2D420004B3138 /* YTKNetworkAgent.m */; };
		84482B111CE2D420004B3138 /* YTKNetworkConfig.m in Sources */ = {isa = PBXBuildFile; fileRef = 84482B061CE2D420004B3138 /* YTKNetworkConfig.m */; };
		84482B121CE2D420004B3138 /* YTKNetworkPrivate.m in Sources */ = {isa = PBXBuildFile; fileRef = 84482B081CE2D420004B3138 /* YTKNetworkPrivate.m */; };
		84482B131CE2D420004B3138 /* YTKRequest.m in Sources */ = {isa = PBXBuildFile; fileRef = 84482B0A1CE2D420004B3138 /* YTKRequest.m */; };
		846965BE1CD98D3A0050CF48 /* main.m in Sources */ = {isa = PBXBuildFile; fileRef = 846965BD1CD98D3A0050CF48 /* main.m */; };
		846965C11CD98D3A0050CF48 /* AppDelegate.m in Sources */ = {isa = PBXBuildFile; fileRef = 846965C01CD98D3A0050CF48 /* AppDelegate.m */; };
		846965C41CD98D3A0050CF48 /* ViewController.m in Sources */ = {isa = PBXBuildFile; fileRef = 846965C31CD98D3A0050CF48 /* ViewController.m */; };
		846965C71CD98D3A0050CF48 /* Main.storyboard in Resources */ = {isa = PBXBuildFile; fileRef = 846965C51CD98D3A0050CF48 /* Main.storyboard */; };
		846965C91CD98D3A0050CF48 /* Assets.xcassets in Resources */ = {isa = PBXBuildFile; fileRef = 846965C81CD98D3A0050CF48 /* Assets.xcassets */; };
		846965CC1CD98D3A0050CF48 /* LaunchScreen.storyboard in Resources */ = {isa = PBXBuildFile; fileRef = 846965CA1CD98D3A0050CF48 /* LaunchScreen.storyboard */; };
		846965F11CD9C9680050CF48 /* GetVexApi.m in Sources */ = {isa = PBXBuildFile; fileRef = 846965F01CD9C9680050CF48 /* GetVexApi.m */; };
		CFC4096BFBA0540959F6B315 /* libPods-LZNetwork.a in Frameworks */ = {isa = PBXBuildFile; fileRef = 9392A9B33A97B7FCAEF9C20F /* libPods-LZNetwork.a */; };
/* End PBXBuildFile section */

/* Begin PBXFileReference section */
		0E09BD07D1314AD6CB533835 /* Pods-LZNetwork.debug.xcconfig */ = {isa = PBXFileReference; includeInIndex = 1; lastKnownFileType = text.xcconfig; name = "Pods-LZNetwork.debug.xcconfig"; path = "Pods/Target Support Files/Pods-LZNetwork/Pods-LZNetwork.debug.xcconfig"; sourceTree = "<group>"; };
		84482AF91CE2D420004B3138 /* YTKBaseRequest.h */ = {isa = PBXFileReference; fileEncoding = 4; lastKnownFileType = sourcecode.c.h; path = YTKBaseRequest.h; sourceTree = "<group>"; };
		84482AFA1CE2D420004B3138 /* YTKBaseRequest.m */ = {isa = PBXFileReference; fileEncoding = 4; lastKnownFileType = sourcecode.c.objc; path = YTKBaseRequest.m; sourceTree = "<group>"; };
		84482AFB1CE2D420004B3138 /* YTKBatchRequest.h */ = {isa = PBXFileReference; fileEncoding = 4; lastKnownFileType = sourcecode.c.h; path = YTKBatchRequest.h; sourceTree = "<group>"; };
		84482AFC1CE2D420004B3138 /* YTKBatchRequest.m */ = {isa = PBXFileReference; fileEncoding = 4; lastKnownFileType = sourcecode.c.objc; path = YTKBatchRequest.m; sourceTree = "<group>"; };
		84482AFD1CE2D420004B3138 /* YTKBatchRequestAgent.h */ = {isa = PBXFileReference; fileEncoding = 4; lastKnownFileType = sourcecode.c.h; path = YTKBatchRequestAgent.h; sourceTree = "<group>"; };
		84482AFE1CE2D420004B3138 /* YTKBatchRequestAgent.m */ = {isa = PBXFileReference; fileEncoding = 4; lastKnownFileType = sourcecode.c.objc; path = YTKBatchRequestAgent.m; sourceTree = "<group>"; };
		84482AFF1CE2D420004B3138 /* YTKChainRequest.h */ = {isa = PBXFileReference; fileEncoding = 4; lastKnownFileType = sourcecode.c.h; path = YTKChainRequest.h; sourceTree = "<group>"; };
		84482B001CE2D420004B3138 /* YTKChainRequest.m */ = {isa = PBXFileReference; fileEncoding = 4; lastKnownFileType = sourcecode.c.objc; path = YTKChainRequest.m; sourceTree = "<group>"; };
		84482B011CE2D420004B3138 /* YTKChainRequestAgent.h */ = {isa = PBXFileReference; fileEncoding = 4; lastKnownFileType = sourcecode.c.h; path = YTKChainRequestAgent.h; sourceTree = "<group>"; };
		84482B021CE2D420004B3138 /* YTKChainRequestAgent.m */ = {isa = PBXFileReference; fileEncoding = 4; lastKnownFileType = sourcecode.c.objc; path = YTKChainRequestAgent.m; sourceTree = "<group>"; };
		84482B031CE2D420004B3138 /* YTKNetworkAgent.h */ = {isa = PBXFileReference; fileEncoding = 4; lastKnownFileType = sourcecode.c.h; path = YTKNetworkAgent.h; sourceTree = "<group>"; };
		84482B041CE2D420004B3138 /* YTKNetworkAgent.m */ = {isa = PBXFileReference; fileEncoding = 4; lastKnownFileType = sourcecode.c.objc; path = YTKNetworkAgent.m; sourceTree = "<group>"; };
		84482B051CE2D420004B3138 /* YTKNetworkConfig.h */ = {isa = PBXFileReference; fileEncoding = 4; lastKnownFileType = sourcecode.c.h; path = YTKNetworkConfig.h; sourceTree = "<group>"; };
		84482B061CE2D420004B3138 /* YTKNetworkConfig.m */ = {isa = PBXFileReference; fileEncoding = 4; lastKnownFileType = sourcecode.c.objc; path = YTKNetworkConfig.m; sourceTree = "<group>"; };
		84482B071CE2D420004B3138 /* YTKNetworkPrivate.h */ = {isa = PBXFileReference; fileEncoding = 4; lastKnownFileType = sourcecode.c.h; path = YTKNetworkPrivate.h; sourceTree = "<group>"; };
		84482B081CE2D420004B3138 /* YTKNetworkPrivate.m */ = {isa = PBXFileReference; fileEncoding = 4; lastKnownFileType = sourcecode.c.objc; path = YTKNetworkPrivate.m; sourceTree = "<group>"; };
		84482B091CE2D420004B3138 /* YTKRequest.h */ = {isa = PBXFileReference; fileEncoding = 4; lastKnownFileType = sourcecode.c.h; path = YTKRequest.h; sourceTree = "<group>"; };
		84482B0A1CE2D420004B3138 /* YTKRequest.m */ = {isa = PBXFileReference; fileEncoding = 4; lastKnownFileType = sourcecode.c.objc; path = YTKRequest.m; sourceTree = "<group>"; };
		846965B91CD98D3A0050CF48 /* LZNetwork.app */ = {isa = PBXFileReference; explicitFileType = wrapper.application; includeInIndex = 0; path = LZNetwork.app; sourceTree = BUILT_PRODUCTS_DIR; };
		846965BD1CD98D3A0050CF48 /* main.m */ = {isa = PBXFileReference; lastKnownFileType = sourcecode.c.objc; path = main.m; sourceTree = "<group>"; };
		846965BF1CD98D3A0050CF48 /* AppDelegate.h */ = {isa = PBXFileReference; lastKnownFileType = sourcecode.c.h; path = AppDelegate.h; sourceTree = "<group>"; };
		846965C01CD98D3A0050CF48 /* AppDelegate.m */ = {isa = PBXFileReference; lastKnownFileType = sourcecode.c.objc; path = AppDelegate.m; sourceTree = "<group>"; };
		846965C21CD98D3A0050CF48 /* ViewController.h */ = {isa = PBXFileReference; lastKnownFileType = sourcecode.c.h; path = ViewController.h; sourceTree = "<group>"; };
		846965C31CD98D3A0050CF48 /* ViewController.m */ = {isa = PBXFileReference; lastKnownFileType = sourcecode.c.objc; path = ViewController.m; sourceTree = "<group>"; };
		846965C61CD98D3A0050CF48 /* Base */ = {isa = PBXFileReference; lastKnownFileType = file.storyboard; name = Base; path = Base.lproj/Main.storyboard; sourceTree = "<group>"; };
		846965C81CD98D3A0050CF48 /* Assets.xcassets */ = {isa = PBXFileReference; lastKnownFileType = folder.assetcatalog; path = Assets.xcassets; sourceTree = "<group>"; };
		846965CB1CD98D3A0050CF48 /* Base */ = {isa = PBXFileReference; lastKnownFileType = file.storyboard; name = Base; path = Base.lproj/LaunchScreen.storyboard; sourceTree = "<group>"; };
		846965CD1CD98D3A0050CF48 /* Info.plist */ = {isa = PBXFileReference; lastKnownFileType = text.plist.xml; path = Info.plist; sourceTree = "<group>"; };
		846965EF1CD9C9680050CF48 /* GetVexApi.h */ = {isa = PBXFileReference; fileEncoding = 4; lastKnownFileType = sourcecode.c.h; path = GetVexApi.h; sourceTree = "<group>"; };
		846965F01CD9C9680050CF48 /* GetVexApi.m */ = {isa = PBXFileReference; fileEncoding = 4; lastKnownFileType = sourcecode.c.objc; path = GetVexApi.m; sourceTree = "<group>"; };
		9392A9B33A97B7FCAEF9C20F /* libPods-LZNetwork.a */ = {isa = PBXFileReference; explicitFileType = archive.ar; includeInIndex = 0; path = "libPods-LZNetwork.a"; sourceTree = BUILT_PRODUCTS_DIR; };
		E67C8A134801014CBD012A73 /* Pods-LZNetwork.release.xcconfig */ = {isa = PBXFileReference; includeInIndex = 1; lastKnownFileType = text.xcconfig; name = "Pods-LZNetwork.release.xcconfig"; path = "Pods/Target Support Files/Pods-LZNetwork/Pods-LZNetwork.release.xcconfig"; sourceTree = "<group>"; };
/* End PBXFileReference section */

/* Begin PBXFrameworksBuildPhase section */
		846965B61CD98D3A0050CF48 /* Frameworks */ = {
			isa = PBXFrameworksBuildPhase;
			buildActionMask = 2147483647;
			files = (
				CFC4096BFBA0540959F6B315 /* libPods-LZNetwork.a in Frameworks */,
			);
			runOnlyForDeploymentPostprocessing = 0;
		};
/* End PBXFrameworksBuildPhase section */

/* Begin PBXGroup section */
		221DD3628CEF9429C3CC86F0 /* Frameworks */ = {
			isa = PBXGroup;
			children = (
				9392A9B33A97B7FCAEF9C20F /* libPods-LZNetwork.a */,
			);
			name = Frameworks;
			sourceTree = "<group>";
		};
		84482AF81CE2D420004B3138 /* LZNetwork */ = {
			isa = PBXGroup;
			children = (
				84482AF91CE2D420004B3138 /* YTKBaseRequest.h */,
				84482AFA1CE2D420004B3138 /* YTKBaseRequest.m */,
				84482AFB1CE2D420004B3138 /* YTKBatchRequest.h */,
				84482AFC1CE2D420004B3138 /* YTKBatchRequest.m */,
				84482AFD1CE2D420004B3138 /* YTKBatchRequestAgent.h */,
				84482AFE1CE2D420004B3138 /* YTKBatchRequestAgent.m */,
				84482AFF1CE2D420004B3138 /* YTKChainRequest.h */,
				84482B001CE2D420004B3138 /* YTKChainRequest.m */,
				84482B011CE2D420004B3138 /* YTKChainRequestAgent.h */,
				84482B021CE2D420004B3138 /* YTKChainRequestAgent.m */,
				84482B031CE2D420004B3138 /* YTKNetworkAgent.h */,
				84482B041CE2D420004B3138 /* YTKNetworkAgent.m */,
				84482B051CE2D420004B3138 /* YTKNetworkConfig.h */,
				84482B061CE2D420004B3138 /* YTKNetworkConfig.m */,
				84482B071CE2D420004B3138 /* YTKNetworkPrivate.h */,
				84482B081CE2D420004B3138 /* YTKNetworkPrivate.m */,
				84482B091CE2D420004B3138 /* YTKRequest.h */,
				84482B0A1CE2D420004B3138 /* YTKRequest.m */,
			);
			path = LZNetwork;
			sourceTree = "<group>";
		};
		846965B01CD98D390050CF48 = {
			isa = PBXGroup;
			children = (
				846965BB1CD98D3A0050CF48 /* LZNetwork */,
				846965BA1CD98D3A0050CF48 /* Products */,
				F2F4AE33BB66344DA27F4A45 /* Pods */,
				221DD3628CEF9429C3CC86F0 /* Frameworks */,
			);
			sourceTree = "<group>";
		};
		846965BA1CD98D3A0050CF48 /* Products */ = {
			isa = PBXGroup;
			children = (
				846965B91CD98D3A0050CF48 /* LZNetwork.app */,
			);
			name = Products;
			sourceTree = "<group>";
		};
		846965BB1CD98D3A0050CF48 /* LZNetwork */ = {
			isa = PBXGroup;
			children = (
				84482AF81CE2D420004B3138 /* LZNetwork */,
				846965BF1CD98D3A0050CF48 /* AppDelegate.h */,
				846965C01CD98D3A0050CF48 /* AppDelegate.m */,
				846965EF1CD9C9680050CF48 /* GetVexApi.h */,
				846965F01CD9C9680050CF48 /* GetVexApi.m */,
				846965C21CD98D3A0050CF48 /* ViewController.h */,
				846965C31CD98D3A0050CF48 /* ViewController.m */,
				846965C51CD98D3A0050CF48 /* Main.storyboard */,
				846965C81CD98D3A0050CF48 /* Assets.xcassets */,
				846965CA1CD98D3A0050CF48 /* LaunchScreen.storyboard */,
				846965CD1CD98D3A0050CF48 /* Info.plist */,
				846965BC1CD98D3A0050CF48 /* Supporting Files */,
			);
			path = LZNetwork;
			sourceTree = "<group>";
		};
		846965BC1CD98D3A0050CF48 /* Supporting Files */ = {
			isa = PBXGroup;
			children = (
				846965BD1CD98D3A0050CF48 /* main.m */,
			);
			name = "Supporting Files";
			sourceTree = "<group>";
		};
		F2F4AE33BB66344DA27F4A45 /* Pods */ = {
			isa = PBXGroup;
			children = (
				0E09BD07D1314AD6CB533835 /* Pods-LZNetwork.debug.xcconfig */,
				E67C8A134801014CBD012A73 /* Pods-LZNetwork.release.xcconfig */,
			);
			name = Pods;
			sourceTree = "<group>";
		};
/* End PBXGroup section */

/* Begin PBXNativeTarget section */
		846965B81CD98D3A0050CF48 /* LZNetwork */ = {
			isa = PBXNativeTarget;
			buildConfigurationList = 846965D01CD98D3A0050CF48 /* Build configuration list for PBXNativeTarget "LZNetwork" */;
			buildPhases = (
				FB0E174DDB0B25DBEB653894 /* [CP] Check Pods Manifest.lock */,
				846965B51CD98D3A0050CF48 /* Sources */,
				846965B61CD98D3A0050CF48 /* Frameworks */,
				846965B71CD98D3A0050CF48 /* Resources */,
				A8F6F1076D21F756708C8C91 /* [CP] Embed Pods Frameworks */,
				7710CF8EB4912C2231D989CA /* [CP] Copy Pods Resources */,
			);
			buildRules = (
			);
			dependencies = (
			);
			name = LZNetwork;
			productName = LZNetwork;
			productReference = 846965B91CD98D3A0050CF48 /* LZNetwork.app */;
			productType = "com.apple.product-type.application";
		};
/* End PBXNativeTarget section */

/* Begin PBXProject section */
		846965B11CD98D390050CF48 /* Project object */ = {
			isa = PBXProject;
			attributes = {
				LastUpgradeCheck = 0730;
				ORGANIZATIONNAME = "李政";
				TargetAttributes = {
					846965B81CD98D3A0050CF48 = {
						CreatedOnToolsVersion = 7.3;
					};
				};
			};
			buildConfigurationList = 846965B41CD98D390050CF48 /* Build configuration list for PBXProject "LZNetwork" */;
			compatibilityVersion = "Xcode 3.2";
			developmentRegion = English;
			hasScannedForEncodings = 0;
			knownRegions = (
				en,
				Base,
			);
			mainGroup = 846965B01CD98D390050CF48;
			productRefGroup = 846965BA1CD98D3A0050CF48 /* Products */;
			projectDirPath = "";
			projectRoot = "";
			targets = (
				846965B81CD98D3A0050CF48 /* LZNetwork */,
			);
		};
/* End PBXProject section */

/* Begin PBXResourcesBuildPhase section */
		846965B71CD98D3A0050CF48 /* Resources */ = {
			isa = PBXResourcesBuildPhase;
			buildActionMask = 2147483647;
			files = (
				846965CC1CD98D3A0050CF48 /* LaunchScreen.storyboard in Resources */,
				846965C91CD98D3A0050CF48 /* Assets.xcassets in Resources */,
				846965C71CD98D3A0050CF48 /* Main.storyboard in Resources */,
			);
			runOnlyForDeploymentPostprocessing = 0;
		};
/* End PBXResourcesBuildPhase section */

/* Begin PBXShellScriptBuildPhase section */
		7710CF8EB4912C2231D989CA /* [CP] Copy Pods Resources */ = {
			isa = PBXShellScriptBuildPhase;
			buildActionMask = 2147483647;
			files = (
			);
			inputPaths = (
			);
			name = "[CP] Copy Pods Resources";
			outputPaths = (
			);
			runOnlyForDeploymentPostprocessing = 0;
			shellPath = /bin/sh;
			shellScript = "\"${SRCROOT}/Pods/Target Support Files/Pods-LZNetwork/Pods-LZNetwork-resources.sh\"\n";
			showEnvVarsInLog = 0;
		};
		A8F6F1076D21F756708C8C91 /* [CP] Embed Pods Frameworks */ = {
			isa = PBXShellScriptBuildPhase;
			buildActionMask = 2147483647;
			files = (
			);
			inputPaths = (
			);
			name = "[CP] Embed Pods Frameworks";
			outputPaths = (
			);
			runOnlyForDeploymentPostprocessing = 0;
			shellPath = /bin/sh;
			shellScript = "\"${SRCROOT}/Pods/Target Support Files/Pods-LZNetwork/Pods-LZNetwork-frameworks.sh\"\n";
			showEnvVarsInLog = 0;
		};
		FB0E174DDB0B25DBEB653894 /* [CP] Check Pods Manifest.lock */ = {
			isa = PBXShellScriptBuildPhase;
			buildActionMask = 2147483647;
			files = (
			);
			inputPaths = (
			);
			name = "[CP] Check Pods Manifest.lock";
			outputPaths = (
			);
			runOnlyForDeploymentPostprocessing = 0;
			shellPath = /bin/sh;
			shellScript = "diff \"${PODS_ROOT}/../Podfile.lock\" \"${PODS_ROOT}/Manifest.lock\" > /dev/null\nif [ $? != 0 ] ; then\n    # print error to STDERR\n    echo \"error: The sandbox is not in sync with the Podfile.lock. Run 'pod install' or update your CocoaPods installation.\" >&2\n    exit 1\nfi\n";
			showEnvVarsInLog = 0;
		};
/* End PBXShellScriptBuildPhase section */

/* Begin PBXSourcesBuildPhase section */
		846965B51CD98D3A0050CF48 /* Sources */ = {
			isa = PBXSourcesBuildPhase;
			buildActionMask = 2147483647;
			files = (
				84482B0E1CE2D420004B3138 /* YTKChainRequest.m in Sources */,
				84482B0F1CE2D420004B3138 /* YTKChainRequestAgent.m in Sources */,
				84482B111CE2D420004B3138 /* YTKNetworkConfig.m in Sources */,
				846965C41CD98D3A0050CF48 /* ViewController.m in Sources */,
				84482B0C1CE2D420004B3138 /* YTKBatchRequest.m in Sources */,
				846965C11CD98D3A0050CF48 /* AppDelegate.m in Sources */,
				846965BE1CD98D3A0050CF48 /* main.m in Sources */,
				84482B121CE2D420004B3138 /* YTKNetworkPrivate.m in Sources */,
				84482B0B1CE2D420004B3138 /* YTKBaseRequest.m in Sources */,
				84482B0D1CE2D420004B3138 /* YTKBatchRequestAgent.m in Sources */,
				846965F11CD9C9680050CF48 /* GetVexApi.m in Sources */,
				84482B131CE2D420004B3138 /* YTKRequest.m in Sources */,
				84482B101CE2D420004B3138 /* YTKNetworkAgent.m in Sources */,
			);
			runOnlyForDeploymentPostprocessing = 0;
		};
/* End PBXSourcesBuildPhase section */

/* Begin PBXVariantGroup section */
		846965C51CD98D3A0050CF48 /* Main.storyboard */ = {
			isa = PBXVariantGroup;
			children = (
				846965C61CD98D3A0050CF48 /* Base */,
			);
			name = Main.storyboard;
			sourceTree = "<group>";
		};
		846965CA1CD98D3A0050CF48 /* LaunchScreen.storyboard */ = {
			isa = PBXVariantGroup;
			children = (
				846965CB1CD98D3A0050CF48 /* Base */,
			);
			name = LaunchScreen.storyboard;
			sourceTree = "<group>";
		};
/* End PBXVariantGroup section */

/* Begin XCBuildConfiguration section */
		846965CE1CD98D3A0050CF48 /* Debug */ = {
			isa = XCBuildConfiguration;
			buildSettings = {
				ALWAYS_SEARCH_USER_PATHS = NO;
				CLANG_ANALYZER_NONNULL = YES;
				CLANG_CXX_LANGUAGE_STANDARD = "gnu++0x";
				CLANG_CXX_LIBRARY = "libc++";
				CLANG_ENABLE_MODULES = YES;
				CLANG_ENABLE_OBJC_ARC = YES;
				CLANG_WARN_BOOL_CONVERSION = YES;
				CLANG_WARN_CONSTANT_CONVERSION = YES;
				CLANG_WARN_DIRECT_OBJC_ISA_USAGE = YES_ERROR;
				CLANG_WARN_EMPTY_BODY = YES;
				CLANG_WARN_ENUM_CONVERSION = YES;
				CLANG_WARN_INT_CONVERSION = YES;
				CLANG_WARN_OBJC_ROOT_CLASS = YES_ERROR;
				CLANG_WARN_UNREACHABLE_CODE = YES;
				CLANG_WARN__DUPLICATE_METHOD_MATCH = YES;
				"CODE_SIGN_IDENTITY[sdk=iphoneos*]" = "iPhone Developer";
				COPY_PHASE_STRIP = NO;
				DEBUG_INFORMATION_FORMAT = dwarf;
				ENABLE_STRICT_OBJC_MSGSEND = YES;
				ENABLE_TESTABILITY = YES;
				GCC_C_LANGUAGE_STANDARD = gnu99;
				GCC_DYNAMIC_NO_PIC = NO;
				GCC_NO_COMMON_BLOCKS = YES;
				GCC_OPTIMIZATION_LEVEL = 0;
				GCC_PREPROCESSOR_DEFINITIONS = (
					"DEBUG=1",
					"$(inherited)",
				);
				GCC_WARN_64_TO_32_BIT_CONVERSION = YES;
				GCC_WARN_ABOUT_RETURN_TYPE = YES_ERROR;
				GCC_WARN_UNDECLARED_SELECTOR = YES;
				GCC_WARN_UNINITIALIZED_AUTOS = YES_AGGRESSIVE;
				GCC_WARN_UNUSED_FUNCTION = YES;
				GCC_WARN_UNUSED_VARIABLE = YES;
				IPHONEOS_DEPLOYMENT_TARGET = 9.3;
				MTL_ENABLE_DEBUG_INFO = YES;
				ONLY_ACTIVE_ARCH = YES;
				SDKROOT = iphoneos;
			};
			name = Debug;
		};
		846965CF1CD98D3A0050CF48 /* Release */ = {
			isa = XCBuildConfiguration;
			buildSettings = {
				ALWAYS_SEARCH_USER_PATHS = NO;
				CLANG_ANALYZER_NONNULL = YES;
				CLANG_CXX_LANGUAGE_STANDARD = "gnu++0x";
				CLANG_CXX_LIBRARY = "libc++";
				CLANG_ENABLE_MODULES = YES;
				CLANG_ENABLE_OBJC_ARC = YES;
				CLANG_WARN_BOOL_CONVERSION = YES;
				CLANG_WARN_CONSTANT_CONVERSION = YES;
				CLANG_WARN_DIRECT_OBJC_ISA_USAGE = YES_ERROR;
				CLANG_WARN_EMPTY_BODY = YES;
				CLANG_WARN_ENUM_CONVERSION = YES;
				CLANG_WARN_INT_CONVERSION = YES;
				CLANG_WARN_OBJC_ROOT_CLASS = YES_ERROR;
				CLANG_WARN_UNREACHABLE_CODE = YES;
				CLANG_WARN__DUPLICATE_METHOD_MATCH = YES;
				"CODE_SIGN_IDENTITY[sdk=iphoneos*]" = "iPhone Developer";
				COPY_PHASE_STRIP = NO;
				DEBUG_INFORMATION_FORMAT = "dwarf-with-dsym";
				ENABLE_NS_ASSERTIONS = NO;
				ENABLE_STRICT_OBJC_MSGSEND = YES;
				GCC_C_LANGUAGE_STANDARD = gnu99;
				GCC_NO_COMMON_BLOCKS = YES;
				GCC_WARN_64_TO_32_BIT_CONVERSION = YES;
				GCC_WARN_ABOUT_RETURN_TYPE = YES_ERROR;
				GCC_WARN_UNDECLARED_SELECTOR = YES;
				GCC_WARN_UNINITIALIZED_AUTOS = YES_AGGRESSIVE;
				GCC_WARN_UNUSED_FUNCTION = YES;
				GCC_WARN_UNUSED_VARIABLE = YES;
				IPHONEOS_DEPLOYMENT_TARGET = 9.3;
				MTL_ENABLE_DEBUG_INFO = NO;
				SDKROOT = iphoneos;
				VALIDATE_PRODUCT = YES;
			};
			name = Release;
		};
		846965D11CD98D3A0050CF48 /* Debug */ = {
			isa = XCBuildConfiguration;
			baseConfigurationReference = 0E09BD07D1314AD6CB533835 /* Pods-LZNetwork.debug.xcconfig */;
			buildSettings = {
				ASSETCATALOG_COMPILER_APPICON_NAME = AppIcon;
				"BUNDLE_LOADER[arch=*]" = "";
				INFOPLIST_FILE = LZNetwork/Info.plist;
				LD_RUNPATH_SEARCH_PATHS = "$(inherited) @executable_path/Frameworks";
				PRODUCT_BUNDLE_IDENTIFIER = lz.LZNetwork;
				PRODUCT_NAME = "$(TARGET_NAME)";
			};
			name = Debug;
		};
		846965D21CD98D3A0050CF48 /* Release */ = {
			isa = XCBuildConfiguration;
			baseConfigurationReference = E67C8A134801014CBD012A73 /* Pods-LZNetwork.release.xcconfig */;
			buildSettings = {
				ASSETCATALOG_COMPILER_APPICON_NAME = AppIcon;
				"BUNDLE_LOADER[arch=*]" = "";
				INFOPLIST_FILE = LZNetwork/Info.plist;
				LD_RUNPATH_SEARCH_PATHS = "$(inherited) @executable_path/Frameworks";
				PRODUCT_BUNDLE_IDENTIFIER = lz.LZNetwork;
				PRODUCT_NAME = "$(TARGET_NAME)";
			};
			name = Release;
		};
/* End XCBuildConfiguration section */

/* Begin XCConfigurationList section */
		846965B41CD98D390050CF48 /* Build configuration list for PBXProject "LZNetwork" */ = {
			isa = XCConfigurationList;
			buildConfigurations = (
				846965CE1CD98D3A0050CF48 /* Debug */,
				846965CF1CD98D3A0050CF48 /* Release */,
			);
			defaultConfigurationIsVisible = 0;
			defaultConfigurationName = Release;
		};
		846965D01CD98D3A0050CF48 /* Build configuration list for PBXNativeTarget "LZNetwork" */ = {
			isa = XCConfigurationList;
			buildConfigurations = (
				846965D11CD98D3A0050CF48 /* Debug */,
				846965D21CD98D3A0050CF48 /* Release */,
			);
			defaultConfigurationIsVisible = 0;
			defaultConfigurationName = Release;
		};
/* End XCConfigurationList section */
	};
	rootObject = 846965B11CD98D390050CF48 /* Project object */;
}
